<?xml version="1.0" encoding="UTF-8"?>
<CodeBlocks_project_file>
	<FileVersion major="1" minor="6"/>
	<Project>
		<Option title="database_project_test_lab1"/>
		<Option makefile_is_custom="1"/>
		<Option compiler="gcc"/>
		<Option virtualFolders="CMake Files\;CMake Files\src\;CMake Files\src\data\;CMake Files\src\include\;CMake Files\src\table\;CMake Files\..\;CMake Files\..\..\;CMake Files\..\..\..\;CMake Files\..\..\..\..\;CMake Files\..\..\..\..\..\;CMake Files\..\..\..\..\..\usr\;CMake Files\..\..\..\..\..\usr\local\;CMake Files\..\..\..\..\..\usr\local\lib\;CMake Files\..\..\..\..\..\usr\local\lib\cmake\;CMake Files\..\..\..\..\..\usr\local\lib\cmake\GTest\;CMake Files\thirdparty\;CMake Files\test\;CMake Files\test\lab1\;CMake Files\test\lab2\;"/>
		<Build>
			<Target title="all">
				<Option working_dir="/home/nekonoyume/codeDev/GithubProject/bytedance-database-project/test/lab1"/>
				<Option type="4"/>
				<MakeCommands>
					<Build command="/usr/bin/make -f &quot;/home/nekonoyume/codeDev/GithubProject/bytedance-database-project/test/lab1/Makefile&quot;  VERBOSE=1 all"/>
					<CompileFile command="/usr/bin/make -f &quot;/home/nekonoyume/codeDev/GithubProject/bytedance-database-project/test/lab1/Makefile&quot;  VERBOSE=1 &quot;$file&quot;"/>
					<Clean command="/usr/bin/make -f &quot;/home/nekonoyume/codeDev/GithubProject/bytedance-database-project/test/lab1/Makefile&quot;  VERBOSE=1 clean"/>
					<DistClean command="/usr/bin/make -f &quot;/home/nekonoyume/codeDev/GithubProject/bytedance-database-project/test/lab1/Makefile&quot;  VERBOSE=1 clean"/>
				</MakeCommands>
			</Target>
			<Target title="csv_data_loader_test">
				<Option output="/home/nekonoyume/codeDev/GithubProject/bytedance-database-project/test/lab1/csv_data_loader_test" prefix_auto="0" extension_auto="0"/>
				<Option working_dir="/home/nekonoyume/codeDev/GithubProject/bytedance-database-project/test/lab1"/>
				<Option object_output="./"/>
				<Option type="1"/>
				<Option compiler="gcc"/>
				<Compiler>
					<Add directory="/include"/>
					<Add directory="/home/nekonoyume/codeDev/GithubProject/bytedance-database-project/src"/>
					<Add directory="/home/nekonoyume/codeDev/GithubProject/bytedance-database-project/src/include"/>
				</Compiler>
				<MakeCommands>
					<Build command="/usr/bin/make -f &quot;/home/nekonoyume/codeDev/GithubProject/bytedance-database-project/test/lab1/Makefile&quot;  VERBOSE=1 csv_data_loader_test"/>
					<CompileFile command="/usr/bin/make -f &quot;/home/nekonoyume/codeDev/GithubProject/bytedance-database-project/test/lab1/Makefile&quot;  VERBOSE=1 &quot;$file&quot;"/>
					<Clean command="/usr/bin/make -f &quot;/home/nekonoyume/codeDev/GithubProject/bytedance-database-project/test/lab1/Makefile&quot;  VERBOSE=1 clean"/>
					<DistClean command="/usr/bin/make -f &quot;/home/nekonoyume/codeDev/GithubProject/bytedance-database-project/test/lab1/Makefile&quot;  VERBOSE=1 clean"/>
				</MakeCommands>
			</Target>
			<Target title="csv_data_loader_test/fast">
				<Option output="/home/nekonoyume/codeDev/GithubProject/bytedance-database-project/test/lab1/csv_data_loader_test" prefix_auto="0" extension_auto="0"/>
				<Option working_dir="/home/nekonoyume/codeDev/GithubProject/bytedance-database-project/test/lab1"/>
				<Option object_output="./"/>
				<Option type="1"/>
				<Option compiler="gcc"/>
				<Compiler>
					<Add directory="/include"/>
					<Add directory="/home/nekonoyume/codeDev/GithubProject/bytedance-database-project/src"/>
					<Add directory="/home/nekonoyume/codeDev/GithubProject/bytedance-database-project/src/include"/>
				</Compiler>
				<MakeCommands>
					<Build command="/usr/bin/make -f &quot;/home/nekonoyume/codeDev/GithubProject/bytedance-database-project/test/lab1/Makefile&quot;  VERBOSE=1 csv_data_loader_test/fast"/>
					<CompileFile command="/usr/bin/make -f &quot;/home/nekonoyume/codeDev/GithubProject/bytedance-database-project/test/lab1/Makefile&quot;  VERBOSE=1 &quot;$file&quot;"/>
					<Clean command="/usr/bin/make -f &quot;/home/nekonoyume/codeDev/GithubProject/bytedance-database-project/test/lab1/Makefile&quot;  VERBOSE=1 clean"/>
					<DistClean command="/usr/bin/make -f &quot;/home/nekonoyume/codeDev/GithubProject/bytedance-database-project/test/lab1/Makefile&quot;  VERBOSE=1 clean"/>
				</MakeCommands>
			</Target>
			<Target title="lab1_test">
				<Option output="/home/nekonoyume/codeDev/GithubProject/bytedance-database-project/test/lab1/lab1_test" prefix_auto="0" extension_auto="0"/>
				<Option working_dir="/home/nekonoyume/codeDev/GithubProject/bytedance-database-project/test/lab1"/>
				<Option object_output="./"/>
				<Option type="1"/>
				<Option compiler="gcc"/>
				<Compiler>
					<Add directory="/include"/>
					<Add directory="/home/nekonoyume/codeDev/GithubProject/bytedance-database-project/src"/>
					<Add directory="/home/nekonoyume/codeDev/GithubProject/bytedance-database-project/src/include"/>
				</Compiler>
				<MakeCommands>
					<Build command="/usr/bin/make -f &quot;/home/nekonoyume/codeDev/GithubProject/bytedance-database-project/test/lab1/Makefile&quot;  VERBOSE=1 lab1_test"/>
					<CompileFile command="/usr/bin/make -f &quot;/home/nekonoyume/codeDev/GithubProject/bytedance-database-project/test/lab1/Makefile&quot;  VERBOSE=1 &quot;$file&quot;"/>
					<Clean command="/usr/bin/make -f &quot;/home/nekonoyume/codeDev/GithubProject/bytedance-database-project/test/lab1/Makefile&quot;  VERBOSE=1 clean"/>
					<DistClean command="/usr/bin/make -f &quot;/home/nekonoyume/codeDev/GithubProject/bytedance-database-project/test/lab1/Makefile&quot;  VERBOSE=1 clean"/>
				</MakeCommands>
			</Target>
			<Target title="lab1_test/fast">
				<Option output="/home/nekonoyume/codeDev/GithubProject/bytedance-database-project/test/lab1/lab1_test" prefix_auto="0" extension_auto="0"/>
				<Option working_dir="/home/nekonoyume/codeDev/GithubProject/bytedance-database-project/test/lab1"/>
				<Option object_output="./"/>
				<Option type="1"/>
				<Option compiler="gcc"/>
				<Compiler>
					<Add directory="/include"/>
					<Add directory="/home/nekonoyume/codeDev/GithubProject/bytedance-database-project/src"/>
					<Add directory="/home/nekonoyume/codeDev/GithubProject/bytedance-database-project/src/include"/>
				</Compiler>
				<MakeCommands>
					<Build command="/usr/bin/make -f &quot;/home/nekonoyume/codeDev/GithubProject/bytedance-database-project/test/lab1/Makefile&quot;  VERBOSE=1 lab1_test/fast"/>
					<CompileFile command="/usr/bin/make -f &quot;/home/nekonoyume/codeDev/GithubProject/bytedance-database-project/test/lab1/Makefile&quot;  VERBOSE=1 &quot;$file&quot;"/>
					<Clean command="/usr/bin/make -f &quot;/home/nekonoyume/codeDev/GithubProject/bytedance-database-project/test/lab1/Makefile&quot;  VERBOSE=1 clean"/>
					<DistClean command="/usr/bin/make -f &quot;/home/nekonoyume/codeDev/GithubProject/bytedance-database-project/test/lab1/Makefile&quot;  VERBOSE=1 clean"/>
				</MakeCommands>
			</Target>
		</Build>
		<Unit filename="/home/nekonoyume/codeDev/GithubProject/bytedance-database-project/test/lab1/csv_data_loader_test.cc">
			<Option target="csv_data_loader_test"/>
		</Unit>
		<Unit filename="/home/nekonoyume/codeDev/GithubProject/bytedance-database-project/test/lab1/lab1_test.cc">
			<Option target="lab1_test"/>
		</Unit>
		<Unit filename="/home/nekonoyume/codeDev/GithubProject/bytedance-database-project/CMakeLists.txt">
			<Option virtualFolder="CMake Files\"/>
		</Unit>
		<Unit filename="/home/nekonoyume/codeDev/GithubProject/bytedance-database-project/src/CMakeLists.txt">
			<Option virtualFolder="CMake Files\src\"/>
		</Unit>
		<Unit filename="/home/nekonoyume/codeDev/GithubProject/bytedance-database-project/src/data/CMakeLists.txt">
			<Option virtualFolder="CMake Files\src\data\"/>
		</Unit>
		<Unit filename="/home/nekonoyume/codeDev/GithubProject/bytedance-database-project/src/include/CMakeLists.txt">
			<Option virtualFolder="CMake Files\src\include\"/>
		</Unit>
		<Unit filename="/home/nekonoyume/codeDev/GithubProject/bytedance-database-project/src/table/CMakeLists.txt">
			<Option virtualFolder="CMake Files\src\table\"/>
		</Unit>
		<Unit filename="/home/nekonoyume/codeDev/GithubProject/bytedance-database-project/../../../../../usr/local/lib/cmake/GTest/GTestConfig.cmake">
			<Option virtualFolder="CMake Files\..\..\..\..\..\usr\local\lib\cmake\GTest\"/>
		</Unit>
		<Unit filename="/home/nekonoyume/codeDev/GithubProject/bytedance-database-project/../../../../../usr/local/lib/cmake/GTest/GTestConfigVersion.cmake">
			<Option virtualFolder="CMake Files\..\..\..\..\..\usr\local\lib\cmake\GTest\"/>
		</Unit>
		<Unit filename="/home/nekonoyume/codeDev/GithubProject/bytedance-database-project/../../../../../usr/local/lib/cmake/GTest/GTestTargets-noconfig.cmake">
			<Option virtualFolder="CMake Files\..\..\..\..\..\usr\local\lib\cmake\GTest\"/>
		</Unit>
		<Unit filename="/home/nekonoyume/codeDev/GithubProject/bytedance-database-project/../../../../../usr/local/lib/cmake/GTest/GTestTargets.cmake">
			<Option virtualFolder="CMake Files\..\..\..\..\..\usr\local\lib\cmake\GTest\"/>
		</Unit>
		<Unit filename="/home/nekonoyume/codeDev/GithubProject/bytedance-database-project/thirdparty/CMakeLists.txt">
			<Option virtualFolder="CMake Files\thirdparty\"/>
		</Unit>
		<Unit filename="/home/nekonoyume/codeDev/GithubProject/bytedance-database-project/test/CMakeLists.txt">
			<Option virtualFolder="CMake Files\test\"/>
		</Unit>
		<Unit filename="/home/nekonoyume/codeDev/GithubProject/bytedance-database-project/test/lab1/CMakeLists.txt">
			<Option virtualFolder="CMake Files\test\lab1\"/>
		</Unit>
		<Unit filename="/home/nekonoyume/codeDev/GithubProject/bytedance-database-project/test/lab2/CMakeLists.txt">
			<Option virtualFolder="CMake Files\test\lab2\"/>
		</Unit>
	</Project>
</CodeBlocks_project_file>
